
Microsoft Visual Studio Solution File, Format Version 12.00
# Visual Studio Version 16
VisualStudioVersion = 16.0.30204.135
MinimumVisualStudioVersion = 10.0.40219.1
Project("{FAE04EC0-301F-11D3-BF4B-00C04F79EFBC}") = "SelectPDFApp", "SelectPDFApp\SelectPDFApp.csproj", "{63625134-2E11-4256-ADD2-F7915DF67D2E}"
EndProject
Global
	GlobalSection(SolutionConfigurationPlatforms) = preSolution
		Debug|Any CPU = Debug|Any CPU
		Release|Any CPU = Release|Any CPU
	EndGlobalSection
	GlobalSection(ProjectConfigurationPlatforms) = postSolution
		{63625134-2E11-4256-ADD2-F7915DF67D2E}.Debug|Any CPU.ActiveCfg = Debug|Any CPU
		{63625134-2E11-4256-ADD2-F7915DF67D2E}.Debug|Any CPU.Build.0 = Debug|Any CPU
		{63625134-2E11-4256-ADD2-F7915DF67D2E}.Release|Any CPU.ActiveCfg = Release|Any CPU
		{63625134-2E11-4256-ADD2-F7915DF67D2E}.Release|Any CPU.Build.0 = Release|Any CPU
	EndGlobalSection
	GlobalSection(SolutionProperties) = preSolution
		HideSolutionNode = FALSE
	EndGlobalSection
	GlobalSection(ExtensibilityGlobals) = postSolution
		SolutionGuid = {B278733D-92DB-4031-A2F8-172DEF05B833}
	EndGlobalSection
EndGlobal
